{
    "_meta": {
        "hash": {
            "sha256": "ccba6521bf1d4ba1a243e1340914d10a31557f0432cd5efa04574bf8fd91a075"
        },
        "pipfile-spec": 6,
        "requires": {
            "python_version": "3.9"
        },
        "sources": [
            {
                "name": "pypi",
                "url": "https://pypi.org/simple",
                "verify_ssl": true
            }
        ]
    },
    "default": {
        "appdirs": {
            "hashes": [
                "sha256:7d5d0167b2b1ba821647616af46a749d1c653740dd0d2415100fe26e27afdf41",
                "sha256:a841dacd6b99318a741b166adb07e19ee71a274450e68237b4650ca1055ab128"
            ],
            "version": "==1.4.4"
        },
        "attrs": {
            "hashes": [
                "sha256:149e90d6d8ac20db7a955ad60cf0e6881a3f20d37096140088356da6c716b0b1",
                "sha256:ef6aaac3ca6cd92904cdd0d83f629a15f18053ec84e6432106f7a4d04ae4f5fb"
            ],
            "markers": "python_version >= '2.7' and python_version not in '3.0, 3.1, 3.2, 3.3, 3.4'",
            "version": "==21.2.0"
        },
        "black": {
            "hashes": [
                "sha256:58594128efb5d21f359c8680911241985e627eb3505397f3982ffbae914d8202",
                "sha256:dfb0e344587510ef662785f4a8991addb4017840459bb6d1d53d344ab0f10300"
            ],
            "index": "pypi",
            "version": "==18.4a4"
        },
        "click": {
            "hashes": [
                "sha256:8c04c11192119b1ef78ea049e0a6f0463e4c48ef00a30160c704337586f3ad7a",
                "sha256:fba402a4a47334742d782209a7c79bc448911afe1149d07bdabdf480b3e2f4b6"
            ],
            "markers": "python_version >= '3.6'",
            "version": "==8.0.1"
        },
        "clickhouse-driver": {
            "hashes": [
                "sha256:01dfd4fbba3dee10437d4c9534159e556691b029f18860d999aef6686bc978a2",
                "sha256:0696fcc9b4a05c926b770ab08e04b083c93abfb3f7f0316d1bce20a5894901c5",
                "sha256:17b30703e4390366181642f7fa866853d7134134ebeb681a1776a0abe61a93cf",
                "sha256:195656ae622901e166cde6d338d4a13a54e3a38e255793777bdf56130858eef5",
                "sha256:1f0335d98d6a86a4f0505cd4f98f96e08906619fd8fdf6a5de05fb5ee6976521",
                "sha256:1fdb4640166deccf8c6745970681267030064cfd7caedf79060e832f25287217",
                "sha256:27cd2cd032b52f2cbcbaf064aa71805c70fe91247821ac91bf2ae71e224e6fd8",
                "sha256:2b24d0e927d17ad3245044f79032058b8c3fa6dddc3192f75fdce32632073e43",
                "sha256:2ccf58a6e1eefc4d5833b68c40716ff1294b20bd7c40a09e5d65afafade43e9d",
                "sha256:2dda28cb424f8d449271a0eeaa6dbbfe112cfb650a3936ee2ff06359cbc7d6ad",
                "sha256:300dba28a4f82bfbc92b33df7393d0d33162a1952910305bb0ba7abf6c1edc7f",
                "sha256:315103ab8c10f9b1a547b7ec7c1a7a668fce8c89dfc350439949edad3d986074",
                "sha256:424bb92486f74199231bbbbbf8362c8914bf7c7aa4af9f6347d70162ebef5844",
                "sha256:4e423b9add7e4a07737f0e7e19eaa249f36afede8aeaec029e69b93d94eefdfb",
                "sha256:51e8d9d6199f2ade571b72827a8088b46931768d7c0d67c1a4b6ad8aabff75eb",
                "sha256:5719e9e10e64426e193042f0ba5bd4927aaeb83ed063511f8f586448b9725d89",
                "sha256:5be3f6dda0e12553a40f71fd13fdf60c66c91452c0ec6bf513128441d0073ed0",
                "sha256:5efb241dac6c69c9a26275c409b2a81141c993b37bb7a1ac7d9a38207276c3a4",
                "sha256:612421bc789ec1bd4f3c0b0792a2fb9a8b97fd5138960dedba60783b5e8b28ec",
                "sha256:62d37f93872d5a13eb6b0d52bab2b593ed0e14cf9200949aa2d02f9801064c0f",
                "sha256:6a20570eff4119f11c5b458d4860afdcb510f5c397d9e9bd12f2bf196ebbd846",
                "sha256:6c48ebb3be0b0cb6cb7dcfce9f8ec078f3d9ce74f86606edfc58444ee9523096",
                "sha256:6db2322f7ecdd2481d2a3d34ac11d71fbe6b4a407a44617acbd058c92ae3a08a",
                "sha256:7a9425f741df899453f6e8382d1d6168f1acb4d72a0ca001e23453a451dd712d",
                "sha256:82161e12771ebcd2f9b4078f9653331aab3898b183302ae307183983d15335ff",
                "sha256:869e3796b61aa75988a7951ce4d8365c2e382309b9a7af2d5e98213644a5ee7a",
                "sha256:87a7fef364b510abb5344533a394ad3ec06047af28b9272087b28e6570617183",
                "sha256:8c2d8575fa82190ffa8bd3c6d0d2a2f483a9a7eb0303d2b65404b2e4367b1c43",
                "sha256:8fd90935d914384f39aca714b60bfa1fa59fe135dd19c99ccf8f5b1271aed78d",
                "sha256:9055e329affa8c221479b2375a0e23cf9238cd79be66daea7bcec8b2ba60196a",
                "sha256:929983db1d9b47d156d850e88831f5d85a8043b5ac877b6251d79491afb05ba4",
                "sha256:96dc46adc6e2441d4f76b401f38bc57de7dd810a5fb8604767d96a2d239f6634",
                "sha256:97d0f3e0094bfad555a83d6c6efef4ca14607cf045ae0124933578f2ccdfcd4e",
                "sha256:9fc14485e178186c27107a12805640000b7973d6756f1675a46478d6e9734920",
                "sha256:9fef38a3d23a9c2d4f5fac2227bfb2fbe606138506aa10a4a2b563b879b995d5",
                "sha256:a88fad262d2b833e073eaeca3d054cdbbf06ec78a1f1b0e978420f53ba42b90e",
                "sha256:a904f4c04011a90419f4488f607f1fcf973814b0f9f6f93ca0015578922cc0e4",
                "sha256:ac2410ef71e72cc67585260c18587693f4dad4fc288d7bf4850649eaf0eef1fa",
                "sha256:b1a13fc73faba77aec75101e190d22253b125e08c3abd5cb1b8727fa4e4b8e67",
                "sha256:b55aa541eb2ebcbcbd25df5203942f19d778efbc7ec43c33f0620d0347d87e04",
                "sha256:b6f62c226cbfaa6fd336ca5d80898f0100ea116e67cacd94fa0967afc60c6b0f",
                "sha256:c454a9053feb8b4fd21af24a79128d87662a49dbaaa2d5eb612d29d3f139d3ae",
                "sha256:c824f3d58558b9de687f2c413a2c59de019c18237f8e6342b71b8db0292efe8c",
                "sha256:cedc6fb30303012fbb5dec6605ea7694784d806291958367984fe1a333aff687",
                "sha256:cf015d17c9c8369d75310c4388c832300b311004180849eea342a282e09c0111",
                "sha256:d3195c9f5343149dfffd729daac72e0ca7030c87a10ba2cbb41df7348e547eed",
                "sha256:d4a6f63bde2bab0c0beb0a47bb3318cdfe34398298e0a94f5f3588e460376b90",
                "sha256:d4eccbfe3ca23110b16263be68edcdaf22e8c823171e50544249161f36611547",
                "sha256:d5c5aecc58a8b71492368ebd1adb3016e122692e8a31b2ea3aa219c6a4e224a3",
                "sha256:dcce87611c7f75671a768e83ac51e6ad1363199fe0bf7f74b7babb5254426e3e",
                "sha256:de0142b1600e2cf76de708c96eaad583b01249911300ff7ac83ef8e643062a7e",
                "sha256:ec863a80600a9c7d8cab60e1bc051b0fa525e712a141cb66c6e6a66cf83faa74",
                "sha256:edbdcbb7c32e0efb1eda143b21383172e2d709837c2d09e036edcf41b770df8e",
                "sha256:eed8f7214751c870624d68c30ac9f2233fbeee300caae1748b0f86501314cc61",
                "sha256:f3bb0128d72db0081fbaba1acb852ecb8ed9ee8983c5b57556e3bdcb45fe487c",
                "sha256:f415be3571967ca42a4c2836826b203030c53e739b9e2b4a79ed213706ef6924",
                "sha256:f69cd1a0981c257e48ae0f4bc602632e0b5fa24aa163d3042337f04db75d29e3",
                "sha256:f789ed03d1c7aefc6e7a626c51fec9048efc076d0326751614b48a0857331b99",
                "sha256:fc4aaa52208d9e185b912f0e640184d87db03427bfb8694d420d0ded73903b5a",
                "sha256:fe8575cc809a6703d065e29aebe88b265e4ed435c2fdfd18353f6ab2d08ca650",
                "sha256:ff53cc75ab9bacb55b8a5e7215f7c073bff7974b3f3c9cd96a9c02ece1e62019"
            ],
            "index": "pypi",
            "version": "==0.2.0"
        },
        "confluent-kafka": {
            "hashes": [
                "sha256:11173733e0540a98e493c91a05686ba4e777883c2cda756d47848fce84e06b30",
                "sha256:1246f3c674357630b078bbc76824eabea87ac5a9ca270886abca9c7f052381da",
                "sha256:1e8e7770eaf2f6df0a3620f0bfc5dc2293e6ca3ac1e14c4babe6fefc03f50e18",
                "sha256:2b4d8d53148a26f0cafcb42e9483f76473120bc091fa0ede497caf8cc8db6f88",
                "sha256:33c32de2357ddcd3f8a98a96591c69c7ada76215e051ed5dbb17b763921f376a",
                "sha256:415c23e7ccf948e50de616191febd4ec299b1d748ae0abdab3888f0ec0915ea9",
                "sha256:5d9c75822c0b1cb7787fc60a78b3f249bfd56b3a692dd079d9d7510ffefe2c99",
                "sha256:5e044e5c5fce78c87aedd56dbd7bd5c046dbf7a0bc9a0eff32229766be8808a5",
                "sha256:80e01b4791513c27eded8517af847530dfdf04c43d99ff132ed9c3085933b75b",
                "sha256:8bb0d7e28deac58b234f7481184a60f743838c4e06309fbcca9484b93697c33b",
                "sha256:955de681f2bc7241d580ebb43d7516f825950518bfaf2c8e6bc3c88d22be4f08",
                "sha256:9f5ff838f2ca87e467aa992f9fcb8bbdd222097690fe6b15aa733025a1613532",
                "sha256:aa5f2905783b1a4e560e4172e228e2174a077090cbdf91a5448dd8deac02b2a9",
                "sha256:aad712996e1465e806f7e027ad248b2474d2140a3985d5f7789a5ff68e5dba8a",
                "sha256:bbba1f144992fbd920cb10c7c2450e82fc8936e04272d36be3a3567bfbf768d4",
                "sha256:bc2ad89e6cc4e05c5855dfbee2838a699861943ab3ea62ff2b914d72fcd1a6c6",
                "sha256:c0b3fc70c31f636562464e905c2b75a2705d3d53bb4687fd48b574dee2a7fa51",
                "sha256:ee3f33077e3534b33cec9825843cd705ede458c585cfab2a052813391fb73291",
                "sha256:f2628f3ebffe05d346f0456c566d5519a59bd0aa88179a9b7408c1808415c102",
                "sha256:f98fa8982da1a960e6c1bfca49b235f8de45c8af83d6b741d78f96f346748488"
            ],
            "index": "pypi",
            "version": "==1.7.0"
        },
        "pydantic": {
            "hashes": [
                "sha256:021ea0e4133e8c824775a0cfe098677acf6fa5a3cbf9206a376eed3fc09302cd",
                "sha256:05ddfd37c1720c392f4e0d43c484217b7521558302e7069ce8d318438d297739",
                "sha256:05ef5246a7ffd2ce12a619cbb29f3307b7c4509307b1b49f456657b43529dc6f",
                "sha256:10e5622224245941efc193ad1d159887872776df7a8fd592ed746aa25d071840",
                "sha256:18b5ea242dd3e62dbf89b2b0ec9ba6c7b5abaf6af85b95a97b00279f65845a23",
                "sha256:234a6c19f1c14e25e362cb05c68afb7f183eb931dd3cd4605eafff055ebbf287",
                "sha256:244ad78eeb388a43b0c927e74d3af78008e944074b7d0f4f696ddd5b2af43c62",
                "sha256:26464e57ccaafe72b7ad156fdaa4e9b9ef051f69e175dbbb463283000c05ab7b",
                "sha256:41b542c0b3c42dc17da70554bc6f38cbc30d7066d2c2815a94499b5684582ecb",
                "sha256:4a03cbbe743e9c7247ceae6f0d8898f7a64bb65800a45cbdc52d65e370570820",
                "sha256:4be75bebf676a5f0f87937c6ddb061fa39cbea067240d98e298508c1bda6f3f3",
                "sha256:54cd5121383f4a461ff7644c7ca20c0419d58052db70d8791eacbbe31528916b",
                "sha256:589eb6cd6361e8ac341db97602eb7f354551482368a37f4fd086c0733548308e",
                "sha256:8621559dcf5afacf0069ed194278f35c255dc1a1385c28b32dd6c110fd6531b3",
                "sha256:8b223557f9510cf0bfd8b01316bf6dd281cf41826607eada99662f5e4963f316",
                "sha256:99a9fc39470010c45c161a1dc584997f1feb13f689ecf645f59bb4ba623e586b",
                "sha256:a7c6002203fe2c5a1b5cbb141bb85060cbff88c2d78eccbc72d97eb7022c43e4",
                "sha256:a83db7205f60c6a86f2c44a61791d993dff4b73135df1973ecd9eed5ea0bda20",
                "sha256:ac8eed4ca3bd3aadc58a13c2aa93cd8a884bcf21cb019f8cfecaae3b6ce3746e",
                "sha256:e710876437bc07bd414ff453ac8ec63d219e7690128d925c6e82889d674bb505",
                "sha256:ea5cb40a3b23b3265f6325727ddfc45141b08ed665458be8c6285e7b85bd73a1",
                "sha256:fec866a0b59f372b7e776f2d7308511784dace622e0992a0b59ea3ccee0ae833"
            ],
            "index": "pypi",
            "version": "==1.8.2"
        },
        "pytz": {
            "hashes": [
                "sha256:83a4a90894bf38e243cf052c8b58f381bfe9a7a483f6a9cab140bc7f702ac4da",
                "sha256:eb10ce3e7736052ed3623d49975ce333bcd712c7bb19a58b9e2089d4057d0798"
            ],
            "version": "==2021.1"
        },
        "typing-extensions": {
            "hashes": [
                "sha256:0ac0f89795dd19de6b97debb0c6af1c70987fd80a2d62d1958f7e56fcc31b497",
                "sha256:50b6f157849174217d0656f99dc82fe932884fb250826c18350e159ec6cdf342",
                "sha256:779383f6086d90c99ae41cf0ff39aac8a7937a9283ce0a414e5dd782f4c94a84"
            ],
            "version": "==3.10.0.0"
        },
        "tzlocal": {
            "hashes": [
                "sha256:643c97c5294aedc737780a49d9df30889321cbe1204eac2c2ec6134035a92e44",
                "sha256:e2cb6c6b5b604af38597403e9852872d7f534962ae2954c7f35efcb1ccacf4a4"
            ],
            "version": "==2.1"
        }
    },
    "develop": {
        "appdirs": {
            "hashes": [
                "sha256:7d5d0167b2b1ba821647616af46a749d1c653740dd0d2415100fe26e27afdf41",
                "sha256:a841dacd6b99318a741b166adb07e19ee71a274450e68237b4650ca1055ab128"
            ],
            "version": "==1.4.4"
        },
        "astroid": {
            "hashes": [
                "sha256:4db03ab5fc3340cf619dbc25e42c2cc3755154ce6009469766d7143d1fc2ee4e",
                "sha256:8a398dfce302c13f14bab13e2b14fe385d32b73f4e4853b9bdfb64598baa1975"
            ],
            "markers": "python_version ~= '3.6'",
            "version": "==2.5.6"
        },
        "attrs": {
            "hashes": [
                "sha256:149e90d6d8ac20db7a955ad60cf0e6881a3f20d37096140088356da6c716b0b1",
                "sha256:ef6aaac3ca6cd92904cdd0d83f629a15f18053ec84e6432106f7a4d04ae4f5fb"
            ],
            "markers": "python_version >= '2.7' and python_version not in '3.0, 3.1, 3.2, 3.3, 3.4'",
            "version": "==21.2.0"
        },
        "black": {
            "hashes": [
                "sha256:58594128efb5d21f359c8680911241985e627eb3505397f3982ffbae914d8202",
                "sha256:dfb0e344587510ef662785f4a8991addb4017840459bb6d1d53d344ab0f10300"
            ],
            "index": "pypi",
            "version": "==18.4a4"
        },
        "click": {
            "hashes": [
                "sha256:8c04c11192119b1ef78ea049e0a6f0463e4c48ef00a30160c704337586f3ad7a",
                "sha256:fba402a4a47334742d782209a7c79bc448911afe1149d07bdabdf480b3e2f4b6"
            ],
            "markers": "python_version >= '3.6'",
            "version": "==8.0.1"
        },
        "flake8": {
            "hashes": [
                "sha256:07528381786f2a6237b061f6e96610a4167b226cb926e2aa2b6b1d78057c576b",
                "sha256:bf8fd333346d844f616e8d47905ef3a3384edae6b4e9beb0c5101e25e3110907"
            ],
            "index": "pypi",
            "version": "==3.9.2"
        },
        "isort": {
            "hashes": [
                "sha256:0a943902919f65c5684ac4e0154b1ad4fac6dcaa5d9f3426b732f1c8b5419be6",
                "sha256:2bb1680aad211e3c9944dbce1d4ba09a989f04e238296c87fe2139faa26d655d"
            ],
            "index": "pypi",
            "version": "==5.8.0"
        },
        "lazy-object-proxy": {
            "hashes": [
                "sha256:17e0967ba374fc24141738c69736da90e94419338fd4c7c7bef01ee26b339653",
                "sha256:1fee665d2638491f4d6e55bd483e15ef21f6c8c2095f235fef72601021e64f61",
                "sha256:22ddd618cefe54305df49e4c069fa65715be4ad0e78e8d252a33debf00f6ede2",
                "sha256:24a5045889cc2729033b3e604d496c2b6f588c754f7a62027ad4437a7ecc4837",
                "sha256:410283732af311b51b837894fa2f24f2c0039aa7f220135192b38fcc42bd43d3",
                "sha256:4732c765372bd78a2d6b2150a6e99d00a78ec963375f236979c0626b97ed8e43",
                "sha256:489000d368377571c6f982fba6497f2aa13c6d1facc40660963da62f5c379726",
                "sha256:4f60460e9f1eb632584c9685bccea152f4ac2130e299784dbaf9fae9f49891b3",
                "sha256:5743a5ab42ae40caa8421b320ebf3a998f89c85cdc8376d6b2e00bd12bd1b587",
                "sha256:85fb7608121fd5621cc4377a8961d0b32ccf84a7285b4f1d21988b2eae2868e8",
                "sha256:9698110e36e2df951c7c36b6729e96429c9c32b3331989ef19976592c5f3c77a",
                "sha256:9d397bf41caad3f489e10774667310d73cb9c4258e9aed94b9ec734b34b495fd",
                "sha256:b579f8acbf2bdd9ea200b1d5dea36abd93cabf56cf626ab9c744a432e15c815f",
                "sha256:b865b01a2e7f96db0c5d12cfea590f98d8c5ba64ad222300d93ce6ff9138bcad",
                "sha256:bf34e368e8dd976423396555078def5cfc3039ebc6fc06d1ae2c5a65eebbcde4",
                "sha256:c6938967f8528b3668622a9ed3b31d145fab161a32f5891ea7b84f6b790be05b",
                "sha256:d1c2676e3d840852a2de7c7d5d76407c772927addff8d742b9808fe0afccebdf",
                "sha256:d7124f52f3bd259f510651450e18e0fd081ed82f3c08541dffc7b94b883aa981",
                "sha256:d900d949b707778696fdf01036f58c9876a0d8bfe116e8d220cfd4b15f14e741",
                "sha256:ebfd274dcd5133e0afae738e6d9da4323c3eb021b3e13052d8cbd0e457b1256e",
                "sha256:ed361bb83436f117f9917d282a456f9e5009ea12fd6de8742d1a4752c3017e93",
                "sha256:f5144c75445ae3ca2057faac03fda5a902eff196702b0a24daf1d6ce0650514b"
            ],
            "markers": "python_version >= '2.7' and python_version not in '3.0, 3.1, 3.2, 3.3, 3.4, 3.5'",
            "version": "==1.6.0"
        },
        "mccabe": {
            "hashes": [
                "sha256:ab8a6258860da4b6677da4bd2fe5dc2c659cff31b3ee4f7f5d64e79735b80d42",
                "sha256:dd8d182285a0fe56bace7f45b5e7d1a6ebcbf524e8f3bd87eb0f125271b8831f"
            ],
            "version": "==0.6.1"
        },
        "pycodestyle": {
            "hashes": [
                "sha256:514f76d918fcc0b55c6680472f0a37970994e07bbb80725808c17089be302068",
                "sha256:c389c1d06bf7904078ca03399a4816f974a1d590090fecea0c63ec26ebaf1cef"
            ],
            "markers": "python_version >= '2.7' and python_version not in '3.0, 3.1, 3.2, 3.3'",
            "version": "==2.7.0"
        },
        "pyflakes": {
            "hashes": [
                "sha256:7893783d01b8a89811dd72d7dfd4d84ff098e5eed95cfa8905b22bbffe52efc3",
                "sha256:f5bc8ecabc05bb9d291eb5203d6810b49040f6ff446a756326104746cc00c1db"
            ],
            "markers": "python_version >= '2.7' and python_version not in '3.0, 3.1, 3.2, 3.3'",
            "version": "==2.3.1"
        },
        "pylint": {
            "hashes": [
                "sha256:586d8fa9b1891f4b725f587ef267abe2a1bad89d6b184520c7f07a253dd6e217",
                "sha256:f7e2072654a6b6afdf5e2fb38147d3e2d2d43c89f648637baab63e026481279b"
            ],
            "index": "pypi",
            "version": "==2.8.2"
        },
        "toml": {
            "hashes": [
                "sha256:806143ae5bfb6a3c6e736a764057db0e6a0e05e338b5630894a5f779cabb4f9b",
                "sha256:b3bda1d108d5dd99f4a20d24d9c348e91c4db7ab1b749200bded2f839ccbe68f"
            ],
            "markers": "python_version >= '2.6' and python_version not in '3.0, 3.1, 3.2'",
            "version": "==0.10.2"
        },
        "wrapt": {
            "hashes": [
                "sha256:b62ffa81fb85f4332a4f609cab4ac40709470da05643a082ec1eb88e6d9b97d7"
            ],
            "version": "==1.12.1"
        }
    }
}
